
Microsoft Visual Studio Solution File, Format Version 12.00
# Visual Studio Version 16
VisualStudioVersion = 16.0.29806.167
MinimumVisualStudioVersion = 10.0.40219.1
Project("{FAE04EC0-301F-11D3-BF4B-00C04F79EFBC}") = "QuanLyQuanCafe", "QuanLyQuanCafe.csproj", "{A93D3954-7D94-4469-8433-69E64F3C88DB}"
EndProject
Global
	GlobalSection(SolutionConfigurationPlatforms) = preSolution
		Debug|Any CPU = Debug|Any CPU
		Release|Any CPU = Release|Any CPU
	EndGlobalSection
	GlobalSection(ProjectConfigurationPlatforms) = postSolution
		{A93D3954-7D94-4469-8433-69E64F3C88DB}.Debug|Any CPU.ActiveCfg = Debug|Any CPU
		{A93D3954-7D94-4469-8433-69E64F3C88DB}.Debug|Any CPU.Build.0 = Debug|Any CPU
		{A93D3954-7D94-4469-8433-69E64F3C88DB}.Release|Any CPU.ActiveCfg = Release|Any CPU
		{A93D3954-7D94-4469-8433-69E64F3C88DB}.Release|Any CPU.Build.0 = Release|Any CPU
	EndGlobalSection
	GlobalSection(SolutionProperties) = preSolution
		HideSolutionNode = FALSE
	EndGlobalSection
	GlobalSection(ExtensibilityGlobals) = postSolution
		SolutionGuid = {59E02979-A9F8-406B-AA3B-0DBF2DC53A38}
	EndGlobalSection
EndGlobal
